
Microsoft Visual Studio Solution File, Format Version 12.00
# Visual Studio Version 17
VisualStudioVersion = 17.11.35312.102
MinimumVisualStudioVersion = 10.0.40219.1
Project("{FAE04EC0-301F-11D3-BF4B-00C04F79EFBC}") = "Task4", "Task4\Task4.csproj", "{C955D9BD-62B5-410F-9562-94E7CD75AD20}"
EndProject
Global
	GlobalSection(SolutionConfigurationPlatforms) = preSolution
		Debug|Any CPU = Debug|Any CPU
		Release|Any CPU = Release|Any CPU
	EndGlobalSection
	GlobalSection(ProjectConfigurationPlatforms) = postSolution
		{C955D9BD-62B5-410F-9562-94E7CD75AD20}.Debug|Any CPU.ActiveCfg = Debug|Any CPU
		{C955D9BD-62B5-410F-9562-94E7CD75AD20}.Debug|Any CPU.Build.0 = Debug|Any CPU
		{C955D9BD-62B5-410F-9562-94E7CD75AD20}.Release|Any CPU.ActiveCfg = Release|Any CPU
		{C955D9BD-62B5-410F-9562-94E7CD75AD20}.Release|Any CPU.Build.0 = Release|Any CPU
	EndGlobalSection
	GlobalSection(SolutionProperties) = preSolution
		HideSolutionNode = FALSE
	EndGlobalSection
	GlobalSection(ExtensibilityGlobals) = postSolution
		SolutionGuid = {54943A99-373B-425B-978F-B661408E2BA7}
	EndGlobalSection
EndGlobal
